
Microsoft Visual Studio Solution File, Format Version 12.00
# Visual Studio Version 16
VisualStudioVersion = 16.0.30503.244
MinimumVisualStudioVersion = 10.0.40219.1
Project("{8BC9CEB8-8B4A-11D0-8D11-00A0C91BC942}") = "SpellforceFreegameSync", "SpellforceFreegameSync.vcxproj", "{0010FB18-F05B-4299-9688-F8C3769E2A5F}"
EndProject
Global
	GlobalSection(SolutionConfigurationPlatforms) = preSolution
		Debug|x64 = Debug|x64
		Debug|x86 = Debug|x86
		Release|x64 = Release|x64
		Release|x86 = Release|x86
	EndGlobalSection
	GlobalSection(ProjectConfigurationPlatforms) = postSolution
		{0010FB18-F05B-4299-9688-F8C3769E2A5F}.Debug|x64.ActiveCfg = Debug|x64
		{0010FB18-F05B-4299-9688-F8C3769E2A5F}.Debug|x64.Build.0 = Debug|x64
		{0010FB18-F05B-4299-9688-F8C3769E2A5F}.Debug|x86.ActiveCfg = Debug|Win32
		{0010FB18-F05B-4299-9688-F8C3769E2A5F}.Debug|x86.Build.0 = Debug|Win32
		{0010FB18-F05B-4299-9688-F8C3769E2A5F}.Release|x64.ActiveCfg = Release|x64
		{0010FB18-F05B-4299-9688-F8C3769E2A5F}.Release|x64.Build.0 = Release|x64
		{0010FB18-F05B-4299-9688-F8C3769E2A5F}.Release|x86.ActiveCfg = Release|Win32
		{0010FB18-F05B-4299-9688-F8C3769E2A5F}.Release|x86.Build.0 = Release|Win32
	EndGlobalSection
	GlobalSection(SolutionProperties) = preSolution
		HideSolutionNode = FALSE
	EndGlobalSection
	GlobalSection(ExtensibilityGlobals) = postSolution
		SolutionGuid = {525E655D-E54D-47ED-B41A-9C6FA213174D}
	EndGlobalSection
EndGlobal
